
Microsoft Visual Studio Solution File, Format Version 12.00
# Visual Studio Version 16
VisualStudioVersion = 16.0.29519.87
MinimumVisualStudioVersion = 10.0.40219.1
Project("{FAE04EC0-301F-11D3-BF4B-00C04F79EFBC}") = "Test", "Test\Test.csproj", "{F6EF29C6-1D17-4CBC-B44B-C2FE6C23778B}"
EndProject
Global
	GlobalSection(SolutionConfigurationPlatforms) = preSolution
		Debug|Any CPU = Debug|Any CPU
		Release|Any CPU = Release|Any CPU
	EndGlobalSection
	GlobalSection(ProjectConfigurationPlatforms) = postSolution
		{F6EF29C6-1D17-4CBC-B44B-C2FE6C23778B}.Debug|Any CPU.ActiveCfg = Debug|Any CPU
		{F6EF29C6-1D17-4CBC-B44B-C2FE6C23778B}.Debug|Any CPU.Build.0 = Debug|Any CPU
		{F6EF29C6-1D17-4CBC-B44B-C2FE6C23778B}.Release|Any CPU.ActiveCfg = Release|Any CPU
		{F6EF29C6-1D17-4CBC-B44B-C2FE6C23778B}.Release|Any CPU.Build.0 = Release|Any CPU
	EndGlobalSection
	GlobalSection(SolutionProperties) = preSolution
		HideSolutionNode = FALSE
	EndGlobalSection
	GlobalSection(ExtensibilityGlobals) = postSolution
		SolutionGuid = {088B95DC-BC46-461B-A974-B123C8114451}
	EndGlobalSection
EndGlobal
